
Microsoft Visual Studio Solution File, Format Version 12.00
# Visual Studio 15
VisualStudioVersion = 15.0.28010.2046
MinimumVisualStudioVersion = 10.0.40219.1
Project("{FAE04EC0-301F-11D3-BF4B-00C04F79EFBC}") = "PipeServer", "PipeServer\PipeServer.csproj", "{9C1302A3-EB1E-43E8-BD44-268ACA0C67D4}"
EndProject
Project("{FAE04EC0-301F-11D3-BF4B-00C04F79EFBC}") = "PipeClient", "PipeClient\PipeClient.csproj", "{99F85368-4D8A-49D0-9B2A-1D7FCBBF3307}"
EndProject
Project("{FAE04EC0-301F-11D3-BF4B-00C04F79EFBC}") = "NamedPipeServer", "NamedPipeServer\NamedPipeServer.csproj", "{CAD61F23-58F3-4B89-93BA-056B2DCE4CA2}"
EndProject
Project("{FAE04EC0-301F-11D3-BF4B-00C04F79EFBC}") = "NamedPipeClient", "NamedPipeClient\NamedPipeClient.csproj", "{B0C04D2D-066B-46C9-972B-1B067DBE9CF7}"
EndProject
Global
	GlobalSection(SolutionConfigurationPlatforms) = preSolution
		Debug|Any CPU = Debug|Any CPU
		Release|Any CPU = Release|Any CPU
	EndGlobalSection
	GlobalSection(ProjectConfigurationPlatforms) = postSolution
		{9C1302A3-EB1E-43E8-BD44-268ACA0C67D4}.Debug|Any CPU.ActiveCfg = Debug|Any CPU
		{9C1302A3-EB1E-43E8-BD44-268ACA0C67D4}.Debug|Any CPU.Build.0 = Debug|Any CPU
		{9C1302A3-EB1E-43E8-BD44-268ACA0C67D4}.Release|Any CPU.ActiveCfg = Release|Any CPU
		{9C1302A3-EB1E-43E8-BD44-268ACA0C67D4}.Release|Any CPU.Build.0 = Release|Any CPU
		{99F85368-4D8A-49D0-9B2A-1D7FCBBF3307}.Debug|Any CPU.ActiveCfg = Debug|Any CPU
		{99F85368-4D8A-49D0-9B2A-1D7FCBBF3307}.Debug|Any CPU.Build.0 = Debug|Any CPU
		{99F85368-4D8A-49D0-9B2A-1D7FCBBF3307}.Release|Any CPU.ActiveCfg = Release|Any CPU
		{99F85368-4D8A-49D0-9B2A-1D7FCBBF3307}.Release|Any CPU.Build.0 = Release|Any CPU
		{CAD61F23-58F3-4B89-93BA-056B2DCE4CA2}.Debug|Any CPU.ActiveCfg = Debug|Any CPU
		{CAD61F23-58F3-4B89-93BA-056B2DCE4CA2}.Debug|Any CPU.Build.0 = Debug|Any CPU
		{CAD61F23-58F3-4B89-93BA-056B2DCE4CA2}.Release|Any CPU.ActiveCfg = Release|Any CPU
		{CAD61F23-58F3-4B89-93BA-056B2DCE4CA2}.Release|Any CPU.Build.0 = Release|Any CPU
		{B0C04D2D-066B-46C9-972B-1B067DBE9CF7}.Debug|Any CPU.ActiveCfg = Debug|Any CPU
		{B0C04D2D-066B-46C9-972B-1B067DBE9CF7}.Debug|Any CPU.Build.0 = Debug|Any CPU
		{B0C04D2D-066B-46C9-972B-1B067DBE9CF7}.Release|Any CPU.ActiveCfg = Release|Any CPU
		{B0C04D2D-066B-46C9-972B-1B067DBE9CF7}.Release|Any CPU.Build.0 = Release|Any CPU
	EndGlobalSection
	GlobalSection(SolutionProperties) = preSolution
		HideSolutionNode = FALSE
	EndGlobalSection
	GlobalSection(ExtensibilityGlobals) = postSolution
		SolutionGuid = {468DAB7C-B603-4D7A-9C09-BE7996F7CDCC}
	EndGlobalSection
EndGlobal
